
Microsoft Visual Studio Solution File, Format Version 12.00
# Visual Studio Version 17
VisualStudioVersion = 17.7.34003.232
MinimumVisualStudioVersion = 10.0.40219.1
Project("{9A19103F-16F7-4668-BE54-9A1E7A4F7556}") = "Podosys.Worker.Persistence", "Podosys.Worker.Persistence\Podosys.Worker.Persistence.csproj", "{1644B115-7493-46DE-8623-34E1D8F0150D}"
EndProject
Project("{9A19103F-16F7-4668-BE54-9A1E7A4F7556}") = "Podosys.Worker.Domain", "Podosys.Worker.Domain\Podosys.Worker.Domain.csproj", "{7D83B38A-51A8-4851-B993-1B139398E4B4}"
EndProject
Project("{9A19103F-16F7-4668-BE54-9A1E7A4F7556}") = "Podosys.Worker.Api", "Podosys.Worker.Api\Podosys.Worker.Api.csproj", "{26AE0557-FB9F-4718-8250-7ED51D3CF563}"
EndProject
Global
	GlobalSection(SolutionConfigurationPlatforms) = preSolution
		Debug|Any CPU = Debug|Any CPU
		Release|Any CPU = Release|Any CPU
	EndGlobalSection
	GlobalSection(ProjectConfigurationPlatforms) = postSolution
		{1644B115-7493-46DE-8623-34E1D8F0150D}.Debug|Any CPU.ActiveCfg = Debug|Any CPU
		{1644B115-7493-46DE-8623-34E1D8F0150D}.Debug|Any CPU.Build.0 = Debug|Any CPU
		{1644B115-7493-46DE-8623-34E1D8F0150D}.Release|Any CPU.ActiveCfg = Release|Any CPU
		{1644B115-7493-46DE-8623-34E1D8F0150D}.Release|Any CPU.Build.0 = Release|Any CPU
		{7D83B38A-51A8-4851-B993-1B139398E4B4}.Debug|Any CPU.ActiveCfg = Debug|Any CPU
		{7D83B38A-51A8-4851-B993-1B139398E4B4}.Debug|Any CPU.Build.0 = Debug|Any CPU
		{7D83B38A-51A8-4851-B993-1B139398E4B4}.Release|Any CPU.ActiveCfg = Release|Any CPU
		{7D83B38A-51A8-4851-B993-1B139398E4B4}.Release|Any CPU.Build.0 = Release|Any CPU
		{26AE0557-FB9F-4718-8250-7ED51D3CF563}.Debug|Any CPU.ActiveCfg = Debug|Any CPU
		{26AE0557-FB9F-4718-8250-7ED51D3CF563}.Debug|Any CPU.Build.0 = Debug|Any CPU
		{26AE0557-FB9F-4718-8250-7ED51D3CF563}.Release|Any CPU.ActiveCfg = Release|Any CPU
		{26AE0557-FB9F-4718-8250-7ED51D3CF563}.Release|Any CPU.Build.0 = Release|Any CPU
	EndGlobalSection
	GlobalSection(SolutionProperties) = preSolution
		HideSolutionNode = FALSE
	EndGlobalSection
	GlobalSection(ExtensibilityGlobals) = postSolution
		SolutionGuid = {33EE1B04-1DA7-41E9-865D-65AB52479EC7}
	EndGlobalSection
EndGlobal
